
Microsoft Visual Studio Solution File, Format Version 12.00
# Visual Studio Version 17
VisualStudioVersion = 17.12.35707.178 d17.12
MinimumVisualStudioVersion = 10.0.40219.1
Project("{FAE04EC0-301F-11D3-BF4B-00C04F79EFBC}") = "ProductX", "ProductX.csproj", "{E8D3529E-9197-4D13-9133-164C4805ECB3}"
EndProject
Project("{00D1A9C2-B5F0-4AF3-8072-F6C62B433612}") = "DEV-DB", "..\DEV-DB\DEV-DB.sqlproj", "{DF703DB1-F5B4-4F4D-BE50-553AAE3E6CD6}"
EndProject
Global
	GlobalSection(SolutionConfigurationPlatforms) = preSolution
		Debug|Any CPU = Debug|Any CPU
		Release|Any CPU = Release|Any CPU
	EndGlobalSection
	GlobalSection(ProjectConfigurationPlatforms) = postSolution
		{E8D3529E-9197-4D13-9133-164C4805ECB3}.Debug|Any CPU.ActiveCfg = Debug|Any CPU
		{E8D3529E-9197-4D13-9133-164C4805ECB3}.Debug|Any CPU.Build.0 = Debug|Any CPU
		{E8D3529E-9197-4D13-9133-164C4805ECB3}.Release|Any CPU.ActiveCfg = Release|Any CPU
		{E8D3529E-9197-4D13-9133-164C4805ECB3}.Release|Any CPU.Build.0 = Release|Any CPU
		{DF703DB1-F5B4-4F4D-BE50-553AAE3E6CD6}.Debug|Any CPU.ActiveCfg = Debug|Any CPU
		{DF703DB1-F5B4-4F4D-BE50-553AAE3E6CD6}.Debug|Any CPU.Build.0 = Debug|Any CPU
		{DF703DB1-F5B4-4F4D-BE50-553AAE3E6CD6}.Debug|Any CPU.Deploy.0 = Debug|Any CPU
		{DF703DB1-F5B4-4F4D-BE50-553AAE3E6CD6}.Release|Any CPU.ActiveCfg = Release|Any CPU
		{DF703DB1-F5B4-4F4D-BE50-553AAE3E6CD6}.Release|Any CPU.Build.0 = Release|Any CPU
		{DF703DB1-F5B4-4F4D-BE50-553AAE3E6CD6}.Release|Any CPU.Deploy.0 = Release|Any CPU
	EndGlobalSection
	GlobalSection(SolutionProperties) = preSolution
		HideSolutionNode = FALSE
	EndGlobalSection
EndGlobal
